
Microsoft Visual Studio Solution File, Format Version 12.00
# Visual Studio 15
VisualStudioVersion = 15.0.28307.438
MinimumVisualStudioVersion = 10.0.40219.1
Project("{8BC9CEB8-8B4A-11D0-8D11-00A0C91BC942}") = "Algorithms and Data Structures", "Algorithms and Data Structures\Algorithms and Data Structures.vcxproj", "{A5A4A9AF-9150-424A-89ED-932A75FE628A}"
EndProject
Global
	GlobalSection(SolutionConfigurationPlatforms) = preSolution
		Debug|x64 = Debug|x64
		Debug|x86 = Debug|x86
		Release|x64 = Release|x64
		Release|x86 = Release|x86
	EndGlobalSection
	GlobalSection(ProjectConfigurationPlatforms) = postSolution
		{A5A4A9AF-9150-424A-89ED-932A75FE628A}.Debug|x64.ActiveCfg = Debug|x64
		{A5A4A9AF-9150-424A-89ED-932A75FE628A}.Debug|x64.Build.0 = Debug|x64
		{A5A4A9AF-9150-424A-89ED-932A75FE628A}.Debug|x86.ActiveCfg = Debug|Win32
		{A5A4A9AF-9150-424A-89ED-932A75FE628A}.Debug|x86.Build.0 = Debug|Win32
		{A5A4A9AF-9150-424A-89ED-932A75FE628A}.Release|x64.ActiveCfg = Release|x64
		{A5A4A9AF-9150-424A-89ED-932A75FE628A}.Release|x64.Build.0 = Release|x64
		{A5A4A9AF-9150-424A-89ED-932A75FE628A}.Release|x86.ActiveCfg = Release|Win32
		{A5A4A9AF-9150-424A-89ED-932A75FE628A}.Release|x86.Build.0 = Release|Win32
	EndGlobalSection
	GlobalSection(SolutionProperties) = preSolution
		HideSolutionNode = FALSE
	EndGlobalSection
	GlobalSection(ExtensibilityGlobals) = postSolution
		SolutionGuid = {1B7FB493-60C4-495D-BFD6-3FBA49DE4CD8}
	EndGlobalSection
EndGlobal
